
Microsoft Visual Studio Solution File, Format Version 12.00
# Visual Studio Version 16
VisualStudioVersion = 16.0.29920.165
MinimumVisualStudioVersion = 10.0.40219.1
Project("{2150E333-8FDC-42A3-9474-1A3956D46DE8}") = "Services", "Services", "{9432946F-2364-40C8-810A-19ECA71B9F98}"
EndProject
Project("{2150E333-8FDC-42A3-9474-1A3956D46DE8}") = "WebApps", "WebApps", "{2462D290-F682-4458-90E0-0CC398A60EDF}"
EndProject
Project("{2150E333-8FDC-42A3-9474-1A3956D46DE8}") = "Cadastros", "Cadastros", "{603ADC7F-68D2-463C-A528-57FC4A68E5C6}"
EndProject
Project("{2150E333-8FDC-42A3-9474-1A3956D46DE8}") = "Catalogo", "Catalogo", "{5E95EF71-B2A0-4817-ADAD-31ECE037BB2C}"
EndProject
Project("{2150E333-8FDC-42A3-9474-1A3956D46DE8}") = "Core", "Core", "{640F70C4-F767-4304-8399-56CFBB229DA7}"
EndProject
Project("{2150E333-8FDC-42A3-9474-1A3956D46DE8}") = "Fiscal", "Fiscal", "{66CE3922-3AF7-434B-A967-D5D208799FBD}"
EndProject
Project("{2150E333-8FDC-42A3-9474-1A3956D46DE8}") = "Pagamentos", "Pagamentos", "{8926BEE0-BD78-4195-B8A1-58839592AE7F}"
EndProject
Project("{2150E333-8FDC-42A3-9474-1A3956D46DE8}") = "Vendas", "Vendas", "{0338523D-5DE9-4682-9FDE-C108A0960A90}"
EndProject
Project("{FAE04EC0-301F-11D3-BF4B-00C04F79EFBC}") = "NerdStore.Catalogo.Domain", "src\NerdStore.Catalogo.Domain\NerdStore.Catalogo.Domain.csproj", "{1670C9A8-F37C-4A4F-8A9E-0649D70C6E8D}"
EndProject
Project("{FAE04EC0-301F-11D3-BF4B-00C04F79EFBC}") = "NerdStore.Core", "src\NerdStore.Core\NerdStore.Core.csproj", "{907DAFE6-D4E4-4772-BD72-543C0DE713A6}"
EndProject
Project("{2150E333-8FDC-42A3-9474-1A3956D46DE8}") = "Tests", "Tests", "{2D53DFE3-F765-49B8-8DBD-0DD0A0CC590C}"
EndProject
Project("{FAE04EC0-301F-11D3-BF4B-00C04F79EFBC}") = "NerdStore.Catalogo.Domain.Tests", "tests\NerdStore.Catalogo.Domain.Tests\NerdStore.Catalogo.Domain.Tests.csproj", "{A7972695-3270-40F4-B10F-74EA3B718C92}"
EndProject
Project("{FAE04EC0-301F-11D3-BF4B-00C04F79EFBC}") = "NerdStore.Catalogo.Data", "src\NerdStore.Catalogo.Data\NerdStore.Catalogo.Data.csproj", "{AEB06F31-6D01-43CF-81E1-E95E5107EE67}"
EndProject
Global
	GlobalSection(SolutionConfigurationPlatforms) = preSolution
		Debug|Any CPU = Debug|Any CPU
		Release|Any CPU = Release|Any CPU
	EndGlobalSection
	GlobalSection(ProjectConfigurationPlatforms) = postSolution
		{1670C9A8-F37C-4A4F-8A9E-0649D70C6E8D}.Debug|Any CPU.ActiveCfg = Debug|Any CPU
		{1670C9A8-F37C-4A4F-8A9E-0649D70C6E8D}.Debug|Any CPU.Build.0 = Debug|Any CPU
		{1670C9A8-F37C-4A4F-8A9E-0649D70C6E8D}.Release|Any CPU.ActiveCfg = Release|Any CPU
		{1670C9A8-F37C-4A4F-8A9E-0649D70C6E8D}.Release|Any CPU.Build.0 = Release|Any CPU
		{907DAFE6-D4E4-4772-BD72-543C0DE713A6}.Debug|Any CPU.ActiveCfg = Debug|Any CPU
		{907DAFE6-D4E4-4772-BD72-543C0DE713A6}.Debug|Any CPU.Build.0 = Debug|Any CPU
		{907DAFE6-D4E4-4772-BD72-543C0DE713A6}.Release|Any CPU.ActiveCfg = Release|Any CPU
		{907DAFE6-D4E4-4772-BD72-543C0DE713A6}.Release|Any CPU.Build.0 = Release|Any CPU
		{A7972695-3270-40F4-B10F-74EA3B718C92}.Debug|Any CPU.ActiveCfg = Debug|Any CPU
		{A7972695-3270-40F4-B10F-74EA3B718C92}.Debug|Any CPU.Build.0 = Debug|Any CPU
		{A7972695-3270-40F4-B10F-74EA3B718C92}.Release|Any CPU.ActiveCfg = Release|Any CPU
		{A7972695-3270-40F4-B10F-74EA3B718C92}.Release|Any CPU.Build.0 = Release|Any CPU
		{AEB06F31-6D01-43CF-81E1-E95E5107EE67}.Debug|Any CPU.ActiveCfg = Debug|Any CPU
		{AEB06F31-6D01-43CF-81E1-E95E5107EE67}.Debug|Any CPU.Build.0 = Debug|Any CPU
		{AEB06F31-6D01-43CF-81E1-E95E5107EE67}.Release|Any CPU.ActiveCfg = Release|Any CPU
		{AEB06F31-6D01-43CF-81E1-E95E5107EE67}.Release|Any CPU.Build.0 = Release|Any CPU
	EndGlobalSection
	GlobalSection(SolutionProperties) = preSolution
		HideSolutionNode = FALSE
	EndGlobalSection
	GlobalSection(NestedProjects) = preSolution
		{603ADC7F-68D2-463C-A528-57FC4A68E5C6} = {9432946F-2364-40C8-810A-19ECA71B9F98}
		{5E95EF71-B2A0-4817-ADAD-31ECE037BB2C} = {9432946F-2364-40C8-810A-19ECA71B9F98}
		{640F70C4-F767-4304-8399-56CFBB229DA7} = {9432946F-2364-40C8-810A-19ECA71B9F98}
		{66CE3922-3AF7-434B-A967-D5D208799FBD} = {9432946F-2364-40C8-810A-19ECA71B9F98}
		{8926BEE0-BD78-4195-B8A1-58839592AE7F} = {9432946F-2364-40C8-810A-19ECA71B9F98}
		{0338523D-5DE9-4682-9FDE-C108A0960A90} = {9432946F-2364-40C8-810A-19ECA71B9F98}
		{1670C9A8-F37C-4A4F-8A9E-0649D70C6E8D} = {5E95EF71-B2A0-4817-ADAD-31ECE037BB2C}
		{907DAFE6-D4E4-4772-BD72-543C0DE713A6} = {640F70C4-F767-4304-8399-56CFBB229DA7}
		{2D53DFE3-F765-49B8-8DBD-0DD0A0CC590C} = {5E95EF71-B2A0-4817-ADAD-31ECE037BB2C}
		{A7972695-3270-40F4-B10F-74EA3B718C92} = {2D53DFE3-F765-49B8-8DBD-0DD0A0CC590C}
		{AEB06F31-6D01-43CF-81E1-E95E5107EE67} = {5E95EF71-B2A0-4817-ADAD-31ECE037BB2C}
	EndGlobalSection
	GlobalSection(ExtensibilityGlobals) = postSolution
		SolutionGuid = {3C050D13-3447-4D3C-8B3F-96ABBAF31530}
	EndGlobalSection
EndGlobal
